
Microsoft Visual Studio Solution File, Format Version 12.00
# Visual Studio Version 16
VisualStudioVersion = 16.0.29721.120
MinimumVisualStudioVersion = 10.0.40219.1
Project("{FAE04EC0-301F-11D3-BF4B-00C04F79EFBC}") = "ExpressionDerivative", "ExpressionDerivative\ExpressionDerivative.csproj", "{15FA4ABD-C9C1-4C73-A6B1-A42CAF815ACD}"
EndProject
Global
	GlobalSection(SolutionConfigurationPlatforms) = preSolution
		Debug|Any CPU = Debug|Any CPU
		Release|Any CPU = Release|Any CPU
	EndGlobalSection
	GlobalSection(ProjectConfigurationPlatforms) = postSolution
		{15FA4ABD-C9C1-4C73-A6B1-A42CAF815ACD}.Debug|Any CPU.ActiveCfg = Debug|Any CPU
		{15FA4ABD-C9C1-4C73-A6B1-A42CAF815ACD}.Debug|Any CPU.Build.0 = Debug|Any CPU
		{15FA4ABD-C9C1-4C73-A6B1-A42CAF815ACD}.Release|Any CPU.ActiveCfg = Release|Any CPU
		{15FA4ABD-C9C1-4C73-A6B1-A42CAF815ACD}.Release|Any CPU.Build.0 = Release|Any CPU
	EndGlobalSection
	GlobalSection(SolutionProperties) = preSolution
		HideSolutionNode = FALSE
	EndGlobalSection
	GlobalSection(ExtensibilityGlobals) = postSolution
		SolutionGuid = {C22C10B2-67CF-4681-8B6A-812DCC66EE88}
	EndGlobalSection
EndGlobal
